
Microsoft Visual Studio Solution File, Format Version 12.00
# Visual Studio Version 16
VisualStudioVersion = 16.0.31129.286
MinimumVisualStudioVersion = 10.0.40219.1
Project("{888888A0-9F3D-457C-B088-3A5042F75D52}") = "CHowellPyProject5_8", "CHowellPyProject5_8\CHowellPyProject5_8.pyproj", "{E98A6895-9F3F-4A18-89FD-0D1187F620EF}"
EndProject
Global
	GlobalSection(SolutionConfigurationPlatforms) = preSolution
		Debug|Any CPU = Debug|Any CPU
		Release|Any CPU = Release|Any CPU
	EndGlobalSection
	GlobalSection(ProjectConfigurationPlatforms) = postSolution
		{E98A6895-9F3F-4A18-89FD-0D1187F620EF}.Debug|Any CPU.ActiveCfg = Debug|Any CPU
		{E98A6895-9F3F-4A18-89FD-0D1187F620EF}.Release|Any CPU.ActiveCfg = Release|Any CPU
	EndGlobalSection
	GlobalSection(SolutionProperties) = preSolution
		HideSolutionNode = FALSE
	EndGlobalSection
	GlobalSection(ExtensibilityGlobals) = postSolution
		SolutionGuid = {2495F71E-91F3-43A5-86CB-3BD4F0BEB44F}
	EndGlobalSection
EndGlobal
